
Microsoft Visual Studio Solution File, Format Version 12.00
# Visual Studio Version 17
VisualStudioVersion = 17.4.33213.308
MinimumVisualStudioVersion = 10.0.40219.1
Project("{FAE04EC0-301F-11D3-BF4B-00C04F79EFBC}") = "MyStore", "MyStore.csproj", "{902C66E7-1F3E-473F-B384-352A8B67D4DF}"
EndProject
Global
	GlobalSection(SolutionConfigurationPlatforms) = preSolution
		Debug|Any CPU = Debug|Any CPU
		Release|Any CPU = Release|Any CPU
	EndGlobalSection
	GlobalSection(ProjectConfigurationPlatforms) = postSolution
		{902C66E7-1F3E-473F-B384-352A8B67D4DF}.Debug|Any CPU.ActiveCfg = Debug|Any CPU
		{902C66E7-1F3E-473F-B384-352A8B67D4DF}.Debug|Any CPU.Build.0 = Debug|Any CPU
		{902C66E7-1F3E-473F-B384-352A8B67D4DF}.Release|Any CPU.ActiveCfg = Release|Any CPU
		{902C66E7-1F3E-473F-B384-352A8B67D4DF}.Release|Any CPU.Build.0 = Release|Any CPU
	EndGlobalSection
	GlobalSection(SolutionProperties) = preSolution
		HideSolutionNode = FALSE
	EndGlobalSection
	GlobalSection(ExtensibilityGlobals) = postSolution
		SolutionGuid = {580700CF-C69D-4B72-8AAF-CA1809C6AF13}
	EndGlobalSection
EndGlobal
